// !$*UTF8*$!
{
	archiveVersion = 1;
	classes = {
	};
	objectVersion = 55;
	objects = {

/* Begin PBXBuildFile section */
		6A31851327A14383002D1267 /* APIClient.swift in Sources */ = {isa = PBXBuildFile; fileRef = 6A31851227A14383002D1267 /* APIClient.swift */; };
		6A31851427A14383002D1267 /* APIClient.swift in Sources */ = {isa = PBXBuildFile; fileRef = 6A31851227A14383002D1267 /* APIClient.swift */; };
		6A31851627A1447E002D1267 /* RemoteCuratedCollectionMapper.swift in Sources */ = {isa = PBXBuildFile; fileRef = 6A31851527A1447E002D1267 /* RemoteCuratedCollectionMapper.swift */; };
		6A31851727A1447E002D1267 /* RemoteCuratedCollectionMapper.swift in Sources */ = {isa = PBXBuildFile; fileRef = 6A31851527A1447E002D1267 /* RemoteCuratedCollectionMapper.swift */; };
		6A31851927A146B5002D1267 /* CuratedCollection.swift in Sources */ = {isa = PBXBuildFile; fileRef = 6A31851827A146B5002D1267 /* CuratedCollection.swift */; };
		6A31851A27A146B5002D1267 /* CuratedCollection.swift in Sources */ = {isa = PBXBuildFile; fileRef = 6A31851827A146B5002D1267 /* CuratedCollection.swift */; };
		6A31851C27A14760002D1267 /* Recipe.swift in Sources */ = {isa = PBXBuildFile; fileRef = 6A31851B27A14760002D1267 /* Recipe.swift */; };
		6A31851D27A14760002D1267 /* Recipe.swift in Sources */ = {isa = PBXBuildFile; fileRef = 6A31851B27A14760002D1267 /* Recipe.swift */; };
		6A31852227A14B75002D1267 /* CuratedCollectionService.swift in Sources */ = {isa = PBXBuildFile; fileRef = 6A31852127A14B75002D1267 /* CuratedCollectionService.swift */; };
		6A31852327A14B75002D1267 /* CuratedCollectionService.swift in Sources */ = {isa = PBXBuildFile; fileRef = 6A31852127A14B75002D1267 /* CuratedCollectionService.swift */; };
		6A31852527A14B9D002D1267 /* RemoteCuratedCollectionService.swift in Sources */ = {isa = PBXBuildFile; fileRef = 6A31852427A14B9D002D1267 /* RemoteCuratedCollectionService.swift */; };
		6A31852627A14B9D002D1267 /* RemoteCuratedCollectionService.swift in Sources */ = {isa = PBXBuildFile; fileRef = 6A31852427A14B9D002D1267 /* RemoteCuratedCollectionService.swift */; };
		6A31852827A14CD8002D1267 /* RecipeService.swift in Sources */ = {isa = PBXBuildFile; fileRef = 6A31852727A14CD8002D1267 /* RecipeService.swift */; };
		6A31852927A14CD8002D1267 /* RecipeService.swift in Sources */ = {isa = PBXBuildFile; fileRef = 6A31852727A14CD8002D1267 /* RecipeService.swift */; };
		6A31852E27A14D5E002D1267 /* RemoteRecipeMapper.swift in Sources */ = {isa = PBXBuildFile; fileRef = 6A31852D27A14D5E002D1267 /* RemoteRecipeMapper.swift */; };
		6A31852F27A14D5E002D1267 /* RemoteRecipeMapper.swift in Sources */ = {isa = PBXBuildFile; fileRef = 6A31852D27A14D5E002D1267 /* RemoteRecipeMapper.swift */; };
		6A31853127A151C8002D1267 /* RemoteRecipeService.swift in Sources */ = {isa = PBXBuildFile; fileRef = 6A31853027A151C8002D1267 /* RemoteRecipeService.swift */; };
		6A31853227A151C8002D1267 /* RemoteRecipeService.swift in Sources */ = {isa = PBXBuildFile; fileRef = 6A31853027A151C8002D1267 /* RemoteRecipeService.swift */; };
		6A31853427A15616002D1267 /* APIManager.swift in Sources */ = {isa = PBXBuildFile; fileRef = 6A31853327A15616002D1267 /* APIManager.swift */; };
		6A31853527A15616002D1267 /* APIManager.swift in Sources */ = {isa = PBXBuildFile; fileRef = 6A31853327A15616002D1267 /* APIManager.swift */; };
		6A31853727A15B7A002D1267 /* CuratedCollection.storyboard in Resources */ = {isa = PBXBuildFile; fileRef = 6A31853627A15B7A002D1267 /* CuratedCollection.storyboard */; };
		6A31853827A15B7A002D1267 /* CuratedCollection.storyboard in Resources */ = {isa = PBXBuildFile; fileRef = 6A31853627A15B7A002D1267 /* CuratedCollection.storyboard */; };
		6A31853A27A15B83002D1267 /* Recipe.storyboard in Resources */ = {isa = PBXBuildFile; fileRef = 6A31853927A15B83002D1267 /* Recipe.storyboard */; };
		6A31853B27A15B83002D1267 /* Recipe.storyboard in Resources */ = {isa = PBXBuildFile; fileRef = 6A31853927A15B83002D1267 /* Recipe.storyboard */; };
		6A31853F27A15C37002D1267 /* CuratedCollectionViewController.swift in Sources */ = {isa = PBXBuildFile; fileRef = 6A31853E27A15C37002D1267 /* CuratedCollectionViewController.swift */; };
		6A31854027A15C37002D1267 /* CuratedCollectionViewController.swift in Sources */ = {isa = PBXBuildFile; fileRef = 6A31853E27A15C37002D1267 /* CuratedCollectionViewController.swift */; };
		6A59F6CD27A2B8AE0055BC3B /* Image+Extension.swift in Sources */ = {isa = PBXBuildFile; fileRef = 6A59F6CC27A2B8AE0055BC3B /* Image+Extension.swift */; };
		6A59F6D027A2CAEB0055BC3B /* RecipeListViewController.swift in Sources */ = {isa = PBXBuildFile; fileRef = 6A59F6CF27A2CAEB0055BC3B /* RecipeListViewController.swift */; };
		6A59F6D227A2CAFC0055BC3B /* RecipeListViewModel.swift in Sources */ = {isa = PBXBuildFile; fileRef = 6A59F6D127A2CAFC0055BC3B /* RecipeListViewModel.swift */; };
		6A808DA027A04FF000626731 /* AppDelegate.swift in Sources */ = {isa = PBXBuildFile; fileRef = 6A808D9F27A04FF000626731 /* AppDelegate.swift */; };
		6A808DA227A04FF000626731 /* SceneDelegate.swift in Sources */ = {isa = PBXBuildFile; fileRef = 6A808DA127A04FF000626731 /* SceneDelegate.swift */; };
		6A808DA927A04FF100626731 /* Assets.xcassets in Resources */ = {isa = PBXBuildFile; fileRef = 6A808DA827A04FF100626731 /* Assets.xcassets */; };
		6A808DAC27A04FF100626731 /* LaunchScreen.storyboard in Resources */ = {isa = PBXBuildFile; fileRef = 6A808DAA27A04FF100626731 /* LaunchScreen.storyboard */; };
		6A808DB727A04FF100626731 /* CookBookTests.swift in Sources */ = {isa = PBXBuildFile; fileRef = 6A808DB627A04FF100626731 /* CookBookTests.swift */; };
		6A808DC127A04FF100626731 /* CookBookUITests.swift in Sources */ = {isa = PBXBuildFile; fileRef = 6A808DC027A04FF100626731 /* CookBookUITests.swift */; };
		6A808DC327A04FF100626731 /* CookBookUITestsLaunchTests.swift in Sources */ = {isa = PBXBuildFile; fileRef = 6A808DC227A04FF100626731 /* CookBookUITestsLaunchTests.swift */; };
		6AE665FB27A1638C009EC3B3 /* CuratedCollectionViewModel.swift in Sources */ = {isa = PBXBuildFile; fileRef = 6AE665FA27A1638C009EC3B3 /* CuratedCollectionViewModel.swift */; };
		6AE665FE27A1AEA3009EC3B3 /* CuratedCollectionCollectionViewCell.xib in Resources */ = {isa = PBXBuildFile; fileRef = 6AE665FD27A1AEA3009EC3B3 /* CuratedCollectionCollectionViewCell.xib */; };
		6AE6660027A1AEAB009EC3B3 /* CuratedCollectionCollectionViewCell.swift in Sources */ = {isa = PBXBuildFile; fileRef = 6AE665FF27A1AEAB009EC3B3 /* CuratedCollectionCollectionViewCell.swift */; };
		6AE6662127A2AC77009EC3B3 /* TableView+Extension.swift in Sources */ = {isa = PBXBuildFile; fileRef = 6AE6662027A2AC77009EC3B3 /* TableView+Extension.swift */; };
		6AE6662327A2ACF4009EC3B3 /* CollectionView+Extension.swift in Sources */ = {isa = PBXBuildFile; fileRef = 6AE6662227A2ACF4009EC3B3 /* CollectionView+Extension.swift */; };
/* End PBXBuildFile section */

/* Begin PBXContainerItemProxy section */
		6A808DB327A04FF100626731 /* PBXContainerItemProxy */ = {
			isa = PBXContainerItemProxy;
			containerPortal = 6A808D9427A04FF000626731 /* Project object */;
			proxyType = 1;
			remoteGlobalIDString = 6A808D9B27A04FF000626731;
			remoteInfo = CookBook;
		};
		6A808DBD27A04FF100626731 /* PBXContainerItemProxy */ = {
			isa = PBXContainerItemProxy;
			containerPortal = 6A808D9427A04FF000626731 /* Project object */;
			proxyType = 1;
			remoteGlobalIDString = 6A808D9B27A04FF000626731;
			remoteInfo = CookBook;
		};
/* End PBXContainerItemProxy section */

/* Begin PBXFileReference section */
		6A31851227A14383002D1267 /* APIClient.swift */ = {isa = PBXFileReference; lastKnownFileType = sourcecode.swift; path = APIClient.swift; sourceTree = "<group>"; };
		6A31851527A1447E002D1267 /* RemoteCuratedCollectionMapper.swift */ = {isa = PBXFileReference; lastKnownFileType = sourcecode.swift; path = RemoteCuratedCollectionMapper.swift; sourceTree = "<group>"; };
		6A31851827A146B5002D1267 /* CuratedCollection.swift */ = {isa = PBXFileReference; lastKnownFileType = sourcecode.swift; path = CuratedCollection.swift; sourceTree = "<group>"; };
		6A31851B27A14760002D1267 /* Recipe.swift */ = {isa = PBXFileReference; lastKnownFileType = sourcecode.swift; path = Recipe.swift; sourceTree = "<group>"; };
		6A31852127A14B75002D1267 /* CuratedCollectionService.swift */ = {isa = PBXFileReference; lastKnownFileType = sourcecode.swift; path = CuratedCollectionService.swift; sourceTree = "<group>"; };
		6A31852427A14B9D002D1267 /* RemoteCuratedCollectionService.swift */ = {isa = PBXFileReference; lastKnownFileType = sourcecode.swift; path = RemoteCuratedCollectionService.swift; sourceTree = "<group>"; };
		6A31852727A14CD8002D1267 /* RecipeService.swift */ = {isa = PBXFileReference; lastKnownFileType = sourcecode.swift; path = RecipeService.swift; sourceTree = "<group>"; };
		6A31852D27A14D5E002D1267 /* RemoteRecipeMapper.swift */ = {isa = PBXFileReference; lastKnownFileType = sourcecode.swift; path = RemoteRecipeMapper.swift; sourceTree = "<group>"; };
		6A31853027A151C8002D1267 /* RemoteRecipeService.swift */ = {isa = PBXFileReference; lastKnownFileType = sourcecode.swift; path = RemoteRecipeService.swift; sourceTree = "<group>"; };
		6A31853327A15616002D1267 /* APIManager.swift */ = {isa = PBXFileReference; lastKnownFileType = sourcecode.swift; path = APIManager.swift; sourceTree = "<group>"; };
		6A31853627A15B7A002D1267 /* CuratedCollection.storyboard */ = {isa = PBXFileReference; lastKnownFileType = file.storyboard; path = CuratedCollection.storyboard; sourceTree = "<group>"; };
		6A31853927A15B83002D1267 /* Recipe.storyboard */ = {isa = PBXFileReference; lastKnownFileType = file.storyboard; path = Recipe.storyboard; sourceTree = "<group>"; };
		6A31853E27A15C37002D1267 /* CuratedCollectionViewController.swift */ = {isa = PBXFileReference; lastKnownFileType = sourcecode.swift; path = CuratedCollectionViewController.swift; sourceTree = "<group>"; };
		6A59F6CC27A2B8AE0055BC3B /* Image+Extension.swift */ = {isa = PBXFileReference; lastKnownFileType = sourcecode.swift; path = "Image+Extension.swift"; sourceTree = "<group>"; };
		6A59F6CF27A2CAEB0055BC3B /* RecipeListViewController.swift */ = {isa = PBXFileReference; lastKnownFileType = sourcecode.swift; path = RecipeListViewController.swift; sourceTree = "<group>"; };
		6A59F6D127A2CAFC0055BC3B /* RecipeListViewModel.swift */ = {isa = PBXFileReference; lastKnownFileType = sourcecode.swift; path = RecipeListViewModel.swift; sourceTree = "<group>"; };
		6A808D9C27A04FF000626731 /* CookBook.app */ = {isa = PBXFileReference; explicitFileType = wrapper.application; includeInIndex = 0; path = CookBook.app; sourceTree = BUILT_PRODUCTS_DIR; };
		6A808D9F27A04FF000626731 /* AppDelegate.swift */ = {isa = PBXFileReference; lastKnownFileType = sourcecode.swift; path = AppDelegate.swift; sourceTree = "<group>"; };
		6A808DA127A04FF000626731 /* SceneDelegate.swift */ = {isa = PBXFileReference; lastKnownFileType = sourcecode.swift; path = SceneDelegate.swift; sourceTree = "<group>"; };
		6A808DA827A04FF100626731 /* Assets.xcassets */ = {isa = PBXFileReference; lastKnownFileType = folder.assetcatalog; path = Assets.xcassets; sourceTree = "<group>"; };
		6A808DAB27A04FF100626731 /* Base */ = {isa = PBXFileReference; lastKnownFileType = file.storyboard; name = Base; path = Base.lproj/LaunchScreen.storyboard; sourceTree = "<group>"; };
		6A808DAD27A04FF100626731 /* Info.plist */ = {isa = PBXFileReference; lastKnownFileType = text.plist.xml; path = Info.plist; sourceTree = "<group>"; };
		6A808DB227A04FF100626731 /* CookBookTests.xctest */ = {isa = PBXFileReference; explicitFileType = wrapper.cfbundle; includeInIndex = 0; path = CookBookTests.xctest; sourceTree = BUILT_PRODUCTS_DIR; };
		6A808DB627A04FF100626731 /* CookBookTests.swift */ = {isa = PBXFileReference; lastKnownFileType = sourcecode.swift; path = CookBookTests.swift; sourceTree = "<group>"; };
		6A808DBC27A04FF100626731 /* CookBookUITests.xctest */ = {isa = PBXFileReference; explicitFileType = wrapper.cfbundle; includeInIndex = 0; path = CookBookUITests.xctest; sourceTree = BUILT_PRODUCTS_DIR; };
		6A808DC027A04FF100626731 /* CookBookUITests.swift */ = {isa = PBXFileReference; lastKnownFileType = sourcecode.swift; path = CookBookUITests.swift; sourceTree = "<group>"; };
		6A808DC227A04FF100626731 /* CookBookUITestsLaunchTests.swift */ = {isa = PBXFileReference; lastKnownFileType = sourcecode.swift; path = CookBookUITestsLaunchTests.swift; sourceTree = "<group>"; };
		6AE665FA27A1638C009EC3B3 /* CuratedCollectionViewModel.swift */ = {isa = PBXFileReference; lastKnownFileType = sourcecode.swift; path = CuratedCollectionViewModel.swift; sourceTree = "<group>"; };
		6AE665FD27A1AEA3009EC3B3 /* CuratedCollectionCollectionViewCell.xib */ = {isa = PBXFileReference; lastKnownFileType = file.xib; path = CuratedCollectionCollectionViewCell.xib; sourceTree = "<group>"; };
		6AE665FF27A1AEAB009EC3B3 /* CuratedCollectionCollectionViewCell.swift */ = {isa = PBXFileReference; lastKnownFileType = sourcecode.swift; path = CuratedCollectionCollectionViewCell.swift; sourceTree = "<group>"; };
		6AE6662027A2AC77009EC3B3 /* TableView+Extension.swift */ = {isa = PBXFileReference; lastKnownFileType = sourcecode.swift; path = "TableView+Extension.swift"; sourceTree = "<group>"; };
		6AE6662227A2ACF4009EC3B3 /* CollectionView+Extension.swift */ = {isa = PBXFileReference; lastKnownFileType = sourcecode.swift; path = "CollectionView+Extension.swift"; sourceTree = "<group>"; };
/* End PBXFileReference section */

/* Begin PBXFrameworksBuildPhase section */
		6A808D9927A04FF000626731 /* Frameworks */ = {
			isa = PBXFrameworksBuildPhase;
			buildActionMask = 2147483647;
			files = (
			);
			runOnlyForDeploymentPostprocessing = 0;
		};
		6A808DAF27A04FF100626731 /* Frameworks */ = {
			isa = PBXFrameworksBuildPhase;
			buildActionMask = 2147483647;
			files = (
			);
			runOnlyForDeploymentPostprocessing = 0;
		};
		6A808DB927A04FF100626731 /* Frameworks */ = {
			isa = PBXFrameworksBuildPhase;
			buildActionMask = 2147483647;
			files = (
			);
			runOnlyForDeploymentPostprocessing = 0;
		};
/* End PBXFrameworksBuildPhase section */

/* Begin PBXGroup section */
		6A31851F27A14A9D002D1267 /* Models */ = {
			isa = PBXGroup;
			children = (
				6A31851827A146B5002D1267 /* CuratedCollection.swift */,
			);
			path = Models;
			sourceTree = "<group>";
		};
		6A31852027A14AA3002D1267 /* Models */ = {
			isa = PBXGroup;
			children = (
				6A31851B27A14760002D1267 /* Recipe.swift */,
			);
			path = Models;
			sourceTree = "<group>";
		};
		6A31853C27A15C16002D1267 /* Views */ = {
			isa = PBXGroup;
			children = (
				6A31853D27A15C21002D1267 /* Curated Collections */,
				6A59F6CE27A2CAD50055BC3B /* Recipe List */,
			);
			path = Views;
			sourceTree = "<group>";
		};
		6A31853D27A15C21002D1267 /* Curated Collections */ = {
			isa = PBXGroup;
			children = (
				6AE665FC27A1AE6F009EC3B3 /* Cell */,
				6A31853E27A15C37002D1267 /* CuratedCollectionViewController.swift */,
				6AE665FA27A1638C009EC3B3 /* CuratedCollectionViewModel.swift */,
			);
			path = "Curated Collections";
			sourceTree = "<group>";
		};
		6A59F6CE27A2CAD50055BC3B /* Recipe List */ = {
			isa = PBXGroup;
			children = (
				6A59F6CF27A2CAEB0055BC3B /* RecipeListViewController.swift */,
				6A59F6D127A2CAFC0055BC3B /* RecipeListViewModel.swift */,
			);
			path = "Recipe List";
			sourceTree = "<group>";
		};
		6A808D9327A04FF000626731 = {
			isa = PBXGroup;
			children = (
				6A808D9E27A04FF000626731 /* CookBook */,
				6A808DB527A04FF100626731 /* CookBookTests */,
				6A808DBF27A04FF100626731 /* CookBookUITests */,
				6A808D9D27A04FF000626731 /* Products */,
			);
			sourceTree = "<group>";
		};
		6A808D9D27A04FF000626731 /* Products */ = {
			isa = PBXGroup;
			children = (
				6A808D9C27A04FF000626731 /* CookBook.app */,
				6A808DB227A04FF100626731 /* CookBookTests.xctest */,
				6A808DBC27A04FF100626731 /* CookBookUITests.xctest */,
			);
			name = Products;
			sourceTree = "<group>";
		};
		6A808D9E27A04FF000626731 /* CookBook */ = {
			isa = PBXGroup;
			children = (
				6A808DCF27A0509E00626731 /* App */,
				6A808DD027A0510000626731 /* API Client */,
				6A808DD527A051A700626731 /* Storyboards */,
				6A808DD327A0517B00626731 /* Modules */,
				6A31853C27A15C16002D1267 /* Views */,
				6AE6661F27A2AC61009EC3B3 /* Extensions */,
				6A808DD627A051D600626731 /* Others */,
			);
			path = CookBook;
			sourceTree = "<group>";
		};
		6A808DB527A04FF100626731 /* CookBookTests */ = {
			isa = PBXGroup;
			children = (
				6A808DB627A04FF100626731 /* CookBookTests.swift */,
			);
			path = CookBookTests;
			sourceTree = "<group>";
		};
		6A808DBF27A04FF100626731 /* CookBookUITests */ = {
			isa = PBXGroup;
			children = (
				6A808DC027A04FF100626731 /* CookBookUITests.swift */,
				6A808DC227A04FF100626731 /* CookBookUITestsLaunchTests.swift */,
			);
			path = CookBookUITests;
			sourceTree = "<group>";
		};
		6A808DCF27A0509E00626731 /* App */ = {
			isa = PBXGroup;
			children = (
				6A808DAA27A04FF100626731 /* LaunchScreen.storyboard */,
				6A808D9F27A04FF000626731 /* AppDelegate.swift */,
				6A808DA127A04FF000626731 /* SceneDelegate.swift */,
			);
			path = App;
			sourceTree = "<group>";
		};
		6A808DD027A0510000626731 /* API Client */ = {
			isa = PBXGroup;
			children = (
				6A31851227A14383002D1267 /* APIClient.swift */,
				6A31853327A15616002D1267 /* APIManager.swift */,
				6A808DD127A0512A00626731 /* Mapper */,
			);
			path = "API Client";
			sourceTree = "<group>";
		};
		6A808DD127A0512A00626731 /* Mapper */ = {
			isa = PBXGroup;
			children = (
				6A31851527A1447E002D1267 /* RemoteCuratedCollectionMapper.swift */,
				6A31852D27A14D5E002D1267 /* RemoteRecipeMapper.swift */,
			);
			path = Mapper;
			sourceTree = "<group>";
		};
		6A808DD227A0515F00626731 /* Curated Collections */ = {
			isa = PBXGroup;
			children = (
				6A31852127A14B75002D1267 /* CuratedCollectionService.swift */,
				6A31852427A14B9D002D1267 /* RemoteCuratedCollectionService.swift */,
				6A31851F27A14A9D002D1267 /* Models */,
			);
			path = "Curated Collections";
			sourceTree = "<group>";
		};
		6A808DD327A0517B00626731 /* Modules */ = {
			isa = PBXGroup;
			children = (
				6A808DD227A0515F00626731 /* Curated Collections */,
				6A808DD427A0518300626731 /* Recipe */,
			);
			path = Modules;
			sourceTree = "<group>";
		};
		6A808DD427A0518300626731 /* Recipe */ = {
			isa = PBXGroup;
			children = (
				6A31852727A14CD8002D1267 /* RecipeService.swift */,
				6A31853027A151C8002D1267 /* RemoteRecipeService.swift */,
				6A31852027A14AA3002D1267 /* Models */,
			);
			path = Recipe;
			sourceTree = "<group>";
		};
		6A808DD527A051A700626731 /* Storyboards */ = {
			isa = PBXGroup;
			children = (
				6A31853627A15B7A002D1267 /* CuratedCollection.storyboard */,
				6A31853927A15B83002D1267 /* Recipe.storyboard */,
			);
			path = Storyboards;
			sourceTree = "<group>";
		};
		6A808DD627A051D600626731 /* Others */ = {
			isa = PBXGroup;
			children = (
				6A808DA827A04FF100626731 /* Assets.xcassets */,
				6A808DAD27A04FF100626731 /* Info.plist */,
			);
			path = Others;
			sourceTree = "<group>";
		};
		6AE665FC27A1AE6F009EC3B3 /* Cell */ = {
			isa = PBXGroup;
			children = (
				6AE665FD27A1AEA3009EC3B3 /* CuratedCollectionCollectionViewCell.xib */,
				6AE665FF27A1AEAB009EC3B3 /* CuratedCollectionCollectionViewCell.swift */,
			);
			path = Cell;
			sourceTree = "<group>";
		};
		6AE6661F27A2AC61009EC3B3 /* Extensions */ = {
			isa = PBXGroup;
			children = (
				6AE6662027A2AC77009EC3B3 /* TableView+Extension.swift */,
				6AE6662227A2ACF4009EC3B3 /* CollectionView+Extension.swift */,
				6A59F6CC27A2B8AE0055BC3B /* Image+Extension.swift */,
			);
			path = Extensions;
			sourceTree = "<group>";
		};
/* End PBXGroup section */

/* Begin PBXNativeTarget section */
		6A808D9B27A04FF000626731 /* CookBook */ = {
			isa = PBXNativeTarget;
			buildConfigurationList = 6A808DC627A04FF100626731 /* Build configuration list for PBXNativeTarget "CookBook" */;
			buildPhases = (
				6A808D9827A04FF000626731 /* Sources */,
				6A808D9927A04FF000626731 /* Frameworks */,
				6A808D9A27A04FF000626731 /* Resources */,
			);
			buildRules = (
			);
			dependencies = (
			);
			name = CookBook;
			productName = CookBook;
			productReference = 6A808D9C27A04FF000626731 /* CookBook.app */;
			productType = "com.apple.product-type.application";
		};
		6A808DB127A04FF100626731 /* CookBookTests */ = {
			isa = PBXNativeTarget;
			buildConfigurationList = 6A808DC927A04FF100626731 /* Build configuration list for PBXNativeTarget "CookBookTests" */;
			buildPhases = (
				6A808DAE27A04FF100626731 /* Sources */,
				6A808DAF27A04FF100626731 /* Frameworks */,
				6A808DB027A04FF100626731 /* Resources */,
			);
			buildRules = (
			);
			dependencies = (
				6A808DB427A04FF100626731 /* PBXTargetDependency */,
			);
			name = CookBookTests;
			productName = CookBookTests;
			productReference = 6A808DB227A04FF100626731 /* CookBookTests.xctest */;
			productType = "com.apple.product-type.bundle.unit-test";
		};
		6A808DBB27A04FF100626731 /* CookBookUITests */ = {
			isa = PBXNativeTarget;
			buildConfigurationList = 6A808DCC27A04FF100626731 /* Build configuration list for PBXNativeTarget "CookBookUITests" */;
			buildPhases = (
				6A808DB827A04FF100626731 /* Sources */,
				6A808DB927A04FF100626731 /* Frameworks */,
				6A808DBA27A04FF100626731 /* Resources */,
			);
			buildRules = (
			);
			dependencies = (
				6A808DBE27A04FF100626731 /* PBXTargetDependency */,
			);
			name = CookBookUITests;
			productName = CookBookUITests;
			productReference = 6A808DBC27A04FF100626731 /* CookBookUITests.xctest */;
			productType = "com.apple.product-type.bundle.ui-testing";
		};
/* End PBXNativeTarget section */

/* Begin PBXProject section */
		6A808D9427A04FF000626731 /* Project object */ = {
			isa = PBXProject;
			attributes = {
				BuildIndependentTargetsInParallel = 1;
				LastSwiftUpdateCheck = 1320;
				LastUpgradeCheck = 1320;
				TargetAttributes = {
					6A808D9B27A04FF000626731 = {
						CreatedOnToolsVersion = 13.2.1;
					};
					6A808DB127A04FF100626731 = {
						CreatedOnToolsVersion = 13.2.1;
						TestTargetID = 6A808D9B27A04FF000626731;
					};
					6A808DBB27A04FF100626731 = {
						CreatedOnToolsVersion = 13.2.1;
						TestTargetID = 6A808D9B27A04FF000626731;
					};
				};
			};
			buildConfigurationList = 6A808D9727A04FF000626731 /* Build configuration list for PBXProject "CookBook" */;
			compatibilityVersion = "Xcode 13.0";
			developmentRegion = en;
			hasScannedForEncodings = 0;
			knownRegions = (
				en,
				Base,
			);
			mainGroup = 6A808D9327A04FF000626731;
			productRefGroup = 6A808D9D27A04FF000626731 /* Products */;
			projectDirPath = "";
			projectRoot = "";
			targets = (
				6A808D9B27A04FF000626731 /* CookBook */,
				6A808DB127A04FF100626731 /* CookBookTests */,
				6A808DBB27A04FF100626731 /* CookBookUITests */,
			);
		};
/* End PBXProject section */

/* Begin PBXResourcesBuildPhase section */
		6A808D9A27A04FF000626731 /* Resources */ = {
			isa = PBXResourcesBuildPhase;
			buildActionMask = 2147483647;
			files = (
				6A31853A27A15B83002D1267 /* Recipe.storyboard in Resources */,
				6AE665FE27A1AEA3009EC3B3 /* CuratedCollectionCollectionViewCell.xib in Resources */,
				6A31853727A15B7A002D1267 /* CuratedCollection.storyboard in Resources */,
				6A808DAC27A04FF100626731 /* LaunchScreen.storyboard in Resources */,
				6A808DA927A04FF100626731 /* Assets.xcassets in Resources */,
			);
			runOnlyForDeploymentPostprocessing = 0;
		};
		6A808DB027A04FF100626731 /* Resources */ = {
			isa = PBXResourcesBuildPhase;
			buildActionMask = 2147483647;
			files = (
				6A31853B27A15B83002D1267 /* Recipe.storyboard in Resources */,
				6A31853827A15B7A002D1267 /* CuratedCollection.storyboard in Resources */,
			);
			runOnlyForDeploymentPostprocessing = 0;
		};
		6A808DBA27A04FF100626731 /* Resources */ = {
			isa = PBXResourcesBuildPhase;
			buildActionMask = 2147483647;
			files = (
			);
			runOnlyForDeploymentPostprocessing = 0;
		};
/* End PBXResourcesBuildPhase section */

/* Begin PBXSourcesBuildPhase section */
		6A808D9827A04FF000626731 /* Sources */ = {
			isa = PBXSourcesBuildPhase;
			buildActionMask = 2147483647;
			files = (
				6A31853427A15616002D1267 /* APIManager.swift in Sources */,
				6A31853F27A15C37002D1267 /* CuratedCollectionViewController.swift in Sources */,
				6AE6662327A2ACF4009EC3B3 /* CollectionView+Extension.swift in Sources */,
				6A31852527A14B9D002D1267 /* RemoteCuratedCollectionService.swift in Sources */,
				6A808DA027A04FF000626731 /* AppDelegate.swift in Sources */,
				6AE665FB27A1638C009EC3B3 /* CuratedCollectionViewModel.swift in Sources */,
				6A31851927A146B5002D1267 /* CuratedCollection.swift in Sources */,
				6A808DA227A04FF000626731 /* SceneDelegate.swift in Sources */,
				6A59F6D227A2CAFC0055BC3B /* RecipeListViewModel.swift in Sources */,
				6A59F6D027A2CAEB0055BC3B /* RecipeListViewController.swift in Sources */,
				6A31852827A14CD8002D1267 /* RecipeService.swift in Sources */,
				6AE6660027A1AEAB009EC3B3 /* CuratedCollectionCollectionViewCell.swift in Sources */,
				6A31851C27A14760002D1267 /* Recipe.swift in Sources */,
				6A59F6CD27A2B8AE0055BC3B /* Image+Extension.swift in Sources */,
				6A31852227A14B75002D1267 /* CuratedCollectionService.swift in Sources */,
				6A31851327A14383002D1267 /* APIClient.swift in Sources */,
				6A31853127A151C8002D1267 /* RemoteRecipeService.swift in Sources */,
				6A31852E27A14D5E002D1267 /* RemoteRecipeMapper.swift in Sources */,
				6A31851627A1447E002D1267 /* RemoteCuratedCollectionMapper.swift in Sources */,
				6AE6662127A2AC77009EC3B3 /* TableView+Extension.swift in Sources */,
			);
			runOnlyForDeploymentPostprocessing = 0;
		};
		6A808DAE27A04FF100626731 /* Sources */ = {
			isa = PBXSourcesBuildPhase;
			buildActionMask = 2147483647;
			files = (
				6A31851A27A146B5002D1267 /* CuratedCollection.swift in Sources */,
				6A31852627A14B9D002D1267 /* RemoteCuratedCollectionService.swift in Sources */,
				6A808DB727A04FF100626731 /* CookBookTests.swift in Sources */,
				6A31852F27A14D5E002D1267 /* RemoteRecipeMapper.swift in Sources */,
				6A31853527A15616002D1267 /* APIManager.swift in Sources */,
				6A31851727A1447E002D1267 /* RemoteCuratedCollectionMapper.swift in Sources */,
				6A31851427A14383002D1267 /* APIClient.swift in Sources */,
				6A31854027A15C37002D1267 /* CuratedCollectionViewController.swift in Sources */,
				6A31852327A14B75002D1267 /* CuratedCollectionService.swift in Sources */,
				6A31853227A151C8002D1267 /* RemoteRecipeService.swift in Sources */,
				6A31851D27A14760002D1267 /* Recipe.swift in Sources */,
				6A31852927A14CD8002D1267 /* RecipeService.swift in Sources */,
			);
			runOnlyForDeploymentPostprocessing = 0;
		};
		6A808DB827A04FF100626731 /* Sources */ = {
			isa = PBXSourcesBuildPhase;
			buildActionMask = 2147483647;
			files = (
				6A808DC327A04FF100626731 /* CookBookUITestsLaunchTests.swift in Sources */,
				6A808DC127A04FF100626731 /* CookBookUITests.swift in Sources */,
			);
			runOnlyForDeploymentPostprocessing = 0;
		};
/* End PBXSourcesBuildPhase section */

/* Begin PBXTargetDependency section */
		6A808DB427A04FF100626731 /* PBXTargetDependency */ = {
			isa = PBXTargetDependency;
			target = 6A808D9B27A04FF000626731 /* CookBook */;
			targetProxy = 6A808DB327A04FF100626731 /* PBXContainerItemProxy */;
		};
		6A808DBE27A04FF100626731 /* PBXTargetDependency */ = {
			isa = PBXTargetDependency;
			target = 6A808D9B27A04FF000626731 /* CookBook */;
			targetProxy = 6A808DBD27A04FF100626731 /* PBXContainerItemProxy */;
		};
/* End PBXTargetDependency section */

/* Begin PBXVariantGroup section */
		6A808DAA27A04FF100626731 /* LaunchScreen.storyboard */ = {
			isa = PBXVariantGroup;
			children = (
				6A808DAB27A04FF100626731 /* Base */,
			);
			name = LaunchScreen.storyboard;
			sourceTree = "<group>";
		};
/* End PBXVariantGroup section */

/* Begin XCBuildConfiguration section */
		6A808DC427A04FF100626731 /* Debug */ = {
			isa = XCBuildConfiguration;
			buildSettings = {
				ALWAYS_SEARCH_USER_PATHS = NO;
				CLANG_ANALYZER_NONNULL = YES;
				CLANG_ANALYZER_NUMBER_OBJECT_CONVERSION = YES_AGGRESSIVE;
				CLANG_CXX_LANGUAGE_STANDARD = "gnu++17";
				CLANG_CXX_LIBRARY = "libc++";
				CLANG_ENABLE_MODULES = YES;
				CLANG_ENABLE_OBJC_ARC = YES;
				CLANG_ENABLE_OBJC_WEAK = YES;
				CLANG_WARN_BLOCK_CAPTURE_AUTORELEASING = YES;
				CLANG_WARN_BOOL_CONVERSION = YES;
				CLANG_WARN_COMMA = YES;
				CLANG_WARN_CONSTANT_CONVERSION = YES;
				CLANG_WARN_DEPRECATED_OBJC_IMPLEMENTATIONS = YES;
				CLANG_WARN_DIRECT_OBJC_ISA_USAGE = YES_ERROR;
				CLANG_WARN_DOCUMENTATION_COMMENTS = YES;
				CLANG_WARN_EMPTY_BODY = YES;
				CLANG_WARN_ENUM_CONVERSION = YES;
				CLANG_WARN_INFINITE_RECURSION = YES;
				CLANG_WARN_INT_CONVERSION = YES;
				CLANG_WARN_NON_LITERAL_NULL_CONVERSION = YES;
				CLANG_WARN_OBJC_IMPLICIT_RETAIN_SELF = YES;
				CLANG_WARN_OBJC_LITERAL_CONVERSION = YES;
				CLANG_WARN_OBJC_ROOT_CLASS = YES_ERROR;
				CLANG_WARN_QUOTED_INCLUDE_IN_FRAMEWORK_HEADER = YES;
				CLANG_WARN_RANGE_LOOP_ANALYSIS = YES;
				CLANG_WARN_STRICT_PROTOTYPES = YES;
				CLANG_WARN_SUSPICIOUS_MOVE = YES;
				CLANG_WARN_UNGUARDED_AVAILABILITY = YES_AGGRESSIVE;
				CLANG_WARN_UNREACHABLE_CODE = YES;
				CLANG_WARN__DUPLICATE_METHOD_MATCH = YES;
				COPY_PHASE_STRIP = NO;
				DEBUG_INFORMATION_FORMAT = dwarf;
				ENABLE_STRICT_OBJC_MSGSEND = YES;
				ENABLE_TESTABILITY = YES;
				GCC_C_LANGUAGE_STANDARD = gnu11;
				GCC_DYNAMIC_NO_PIC = NO;
				GCC_NO_COMMON_BLOCKS = YES;
				GCC_OPTIMIZATION_LEVEL = 0;
				GCC_PREPROCESSOR_DEFINITIONS = (
					"DEBUG=1",
					"$(inherited)",
				);
				GCC_WARN_64_TO_32_BIT_CONVERSION = YES;
				GCC_WARN_ABOUT_RETURN_TYPE = YES_ERROR;
				GCC_WARN_UNDECLARED_SELECTOR = YES;
				GCC_WARN_UNINITIALIZED_AUTOS = YES_AGGRESSIVE;
				GCC_WARN_UNUSED_FUNCTION = YES;
				GCC_WARN_UNUSED_VARIABLE = YES;
				IPHONEOS_DEPLOYMENT_TARGET = 13.0;
				MTL_ENABLE_DEBUG_INFO = INCLUDE_SOURCE;
				MTL_FAST_MATH = YES;
				ONLY_ACTIVE_ARCH = YES;
				SDKROOT = iphoneos;
				SWIFT_ACTIVE_COMPILATION_CONDITIONS = DEBUG;
				SWIFT_OPTIMIZATION_LEVEL = "-Onone";
			};
			name = Debug;
		};
		6A808DC527A04FF100626731 /* Release */ = {
			isa = XCBuildConfiguration;
			buildSettings = {
				ALWAYS_SEARCH_USER_PATHS = NO;
				CLANG_ANALYZER_NONNULL = YES;
				CLANG_ANALYZER_NUMBER_OBJECT_CONVERSION = YES_AGGRESSIVE;
				CLANG_CXX_LANGUAGE_STANDARD = "gnu++17";
				CLANG_CXX_LIBRARY = "libc++";
				CLANG_ENABLE_MODULES = YES;
				CLANG_ENABLE_OBJC_ARC = YES;
				CLANG_ENABLE_OBJC_WEAK = YES;
				CLANG_WARN_BLOCK_CAPTURE_AUTORELEASING = YES;
				CLANG_WARN_BOOL_CONVERSION = YES;
				CLANG_WARN_COMMA = YES;
				CLANG_WARN_CONSTANT_CONVERSION = YES;
				CLANG_WARN_DEPRECATED_OBJC_IMPLEMENTATIONS = YES;
				CLANG_WARN_DIRECT_OBJC_ISA_USAGE = YES_ERROR;
				CLANG_WARN_DOCUMENTATION_COMMENTS = YES;
				CLANG_WARN_EMPTY_BODY = YES;
				CLANG_WARN_ENUM_CONVERSION = YES;
				CLANG_WARN_INFINITE_RECURSION = YES;
				CLANG_WARN_INT_CONVERSION = YES;
				CLANG_WARN_NON_LITERAL_NULL_CONVERSION = YES;
				CLANG_WARN_OBJC_IMPLICIT_RETAIN_SELF = YES;
				CLANG_WARN_OBJC_LITERAL_CONVERSION = YES;
				CLANG_WARN_OBJC_ROOT_CLASS = YES_ERROR;
				CLANG_WARN_QUOTED_INCLUDE_IN_FRAMEWORK_HEADER = YES;
				CLANG_WARN_RANGE_LOOP_ANALYSIS = YES;
				CLANG_WARN_STRICT_PROTOTYPES = YES;
				CLANG_WARN_SUSPICIOUS_MOVE = YES;
				CLANG_WARN_UNGUARDED_AVAILABILITY = YES_AGGRESSIVE;
				CLANG_WARN_UNREACHABLE_CODE = YES;
				CLANG_WARN__DUPLICATE_METHOD_MATCH = YES;
				COPY_PHASE_STRIP = NO;
				DEBUG_INFORMATION_FORMAT = "dwarf-with-dsym";
				ENABLE_NS_ASSERTIONS = NO;
				ENABLE_STRICT_OBJC_MSGSEND = YES;
				GCC_C_LANGUAGE_STANDARD = gnu11;
				GCC_NO_COMMON_BLOCKS = YES;
				GCC_WARN_64_TO_32_BIT_CONVERSION = YES;
				GCC_WARN_ABOUT_RETURN_TYPE = YES_ERROR;
				GCC_WARN_UNDECLARED_SELECTOR = YES;
				GCC_WARN_UNINITIALIZED_AUTOS = YES_AGGRESSIVE;
				GCC_WARN_UNUSED_FUNCTION = YES;
				GCC_WARN_UNUSED_VARIABLE = YES;
				IPHONEOS_DEPLOYMENT_TARGET = 13.0;
				MTL_ENABLE_DEBUG_INFO = NO;
				MTL_FAST_MATH = YES;
				SDKROOT = iphoneos;
				SWIFT_COMPILATION_MODE = wholemodule;
				SWIFT_OPTIMIZATION_LEVEL = "-O";
				VALIDATE_PRODUCT = YES;
			};
			name = Release;
		};
		6A808DC727A04FF100626731 /* Debug */ = {
			isa = XCBuildConfiguration;
			buildSettings = {
				ASSETCATALOG_COMPILER_APPICON_NAME = AppIcon;
				ASSETCATALOG_COMPILER_GLOBAL_ACCENT_COLOR_NAME = AccentColor;
				CODE_SIGN_STYLE = Manual;
				CURRENT_PROJECT_VERSION = 1;
				DEVELOPMENT_TEAM = "";
				GENERATE_INFOPLIST_FILE = YES;
				INFOPLIST_FILE = CookBook/Info.plist;
				INFOPLIST_KEY_UIApplicationSupportsIndirectInputEvents = YES;
				INFOPLIST_KEY_UILaunchStoryboardName = LaunchScreen;
				INFOPLIST_KEY_UIMainStoryboardFile = CuratedCollection;
				INFOPLIST_KEY_UISupportedInterfaceOrientations = UIInterfaceOrientationPortrait;
				INFOPLIST_KEY_UISupportedInterfaceOrientations_iPad = "UIInterfaceOrientationPortrait UIInterfaceOrientationPortraitUpsideDown UIInterfaceOrientationLandscapeLeft UIInterfaceOrientationLandscapeRight";
				INFOPLIST_KEY_UISupportedInterfaceOrientations_iPhone = "UIInterfaceOrientationPortrait UIInterfaceOrientationLandscapeLeft UIInterfaceOrientationLandscapeRight";
				IPHONEOS_DEPLOYMENT_TARGET = 13.0;
				LD_RUNPATH_SEARCH_PATHS = (
					"$(inherited)",
					"@executable_path/Frameworks",
				);
				MARKETING_VERSION = 1.0;
				PRODUCT_BUNDLE_IDENTIFIER = com.paras.CookBook;
				PRODUCT_NAME = "$(TARGET_NAME)";
				PROVISIONING_PROFILE_SPECIFIER = "";
				SWIFT_EMIT_LOC_STRINGS = YES;
				SWIFT_VERSION = 5.0;
				TARGETED_DEVICE_FAMILY = 1;
			};
			name = Debug;
		};
		6A808DC827A04FF100626731 /* Release */ = {
			isa = XCBuildConfiguration;
			buildSettings = {
				ASSETCATALOG_COMPILER_APPICON_NAME = AppIcon;
				ASSETCATALOG_COMPILER_GLOBAL_ACCENT_COLOR_NAME = AccentColor;
				CODE_SIGN_STYLE = Manual;
				CURRENT_PROJECT_VERSION = 1;
				DEVELOPMENT_TEAM = "";
				GENERATE_INFOPLIST_FILE = YES;
				INFOPLIST_FILE = CookBook/Info.plist;
				INFOPLIST_KEY_UIApplicationSupportsIndirectInputEvents = YES;
				INFOPLIST_KEY_UILaunchStoryboardName = LaunchScreen;
				INFOPLIST_KEY_UIMainStoryboardFile = CuratedCollection;
				INFOPLIST_KEY_UISupportedInterfaceOrientations = UIInterfaceOrientationPortrait;
				INFOPLIST_KEY_UISupportedInterfaceOrientations_iPad = "UIInterfaceOrientationPortrait UIInterfaceOrientationPortraitUpsideDown UIInterfaceOrientationLandscapeLeft UIInterfaceOrientationLandscapeRight";
				INFOPLIST_KEY_UISupportedInterfaceOrientations_iPhone = "UIInterfaceOrientationPortrait UIInterfaceOrientationLandscapeLeft UIInterfaceOrientationLandscapeRight";
				IPHONEOS_DEPLOYMENT_TARGET = 13.0;
				LD_RUNPATH_SEARCH_PATHS = (
					"$(inherited)",
					"@executable_path/Frameworks",
				);
				MARKETING_VERSION = 1.0;
				PRODUCT_BUNDLE_IDENTIFIER = com.paras.CookBook;
				PRODUCT_NAME = "$(TARGET_NAME)";
				PROVISIONING_PROFILE_SPECIFIER = "";
				SWIFT_EMIT_LOC_STRINGS = YES;
				SWIFT_VERSION = 5.0;
				TARGETED_DEVICE_FAMILY = 1;
			};
			name = Release;
		};
		6A808DCA27A04FF100626731 /* Debug */ = {
			isa = XCBuildConfiguration;
			buildSettings = {
				ALWAYS_EMBED_SWIFT_STANDARD_LIBRARIES = YES;
				BUNDLE_LOADER = "$(TEST_HOST)";
				CODE_SIGN_STYLE = Manual;
				CURRENT_PROJECT_VERSION = 1;
				DEVELOPMENT_TEAM = "";
				GENERATE_INFOPLIST_FILE = YES;
				IPHONEOS_DEPLOYMENT_TARGET = 15.2;
				MARKETING_VERSION = 1.0;
				PRODUCT_BUNDLE_IDENTIFIER = com.paras.CookBookTests;
				PRODUCT_NAME = "$(TARGET_NAME)";
				PROVISIONING_PROFILE_SPECIFIER = "";
				"PROVISIONING_PROFILE_SPECIFIER[sdk=macosx*]" = "";
				SWIFT_EMIT_LOC_STRINGS = NO;
				SWIFT_VERSION = 5.0;
				TARGETED_DEVICE_FAMILY = "1,2";
				TEST_HOST = "$(BUILT_PRODUCTS_DIR)/CookBook.app/CookBook";
			};
			name = Debug;
		};
		6A808DCB27A04FF100626731 /* Release */ = {
			isa = XCBuildConfiguration;
			buildSettings = {
				ALWAYS_EMBED_SWIFT_STANDARD_LIBRARIES = YES;
				BUNDLE_LOADER = "$(TEST_HOST)";
				CODE_SIGN_STYLE = Manual;
				CURRENT_PROJECT_VERSION = 1;
				DEVELOPMENT_TEAM = "";
				GENERATE_INFOPLIST_FILE = YES;
				IPHONEOS_DEPLOYMENT_TARGET = 15.2;
				MARKETING_VERSION = 1.0;
				PRODUCT_BUNDLE_IDENTIFIER = com.paras.CookBookTests;
				PRODUCT_NAME = "$(TARGET_NAME)";
				PROVISIONING_PROFILE_SPECIFIER = "";
				"PROVISIONING_PROFILE_SPECIFIER[sdk=macosx*]" = "";
				SWIFT_EMIT_LOC_STRINGS = NO;
				SWIFT_VERSION = 5.0;
				TARGETED_DEVICE_FAMILY = "1,2";
				TEST_HOST = "$(BUILT_PRODUCTS_DIR)/CookBook.app/CookBook";
			};
			name = Release;
		};
		6A808DCD27A04FF100626731 /* Debug */ = {
			isa = XCBuildConfiguration;
			buildSettings = {
				ALWAYS_EMBED_SWIFT_STANDARD_LIBRARIES = YES;
				CODE_SIGN_STYLE = Automatic;
				CURRENT_PROJECT_VERSION = 1;
				GENERATE_INFOPLIST_FILE = YES;
				MARKETING_VERSION = 1.0;
				PRODUCT_BUNDLE_IDENTIFIER = com.paras.CookBookUITests;
				PRODUCT_NAME = "$(TARGET_NAME)";
				SWIFT_EMIT_LOC_STRINGS = NO;
				SWIFT_VERSION = 5.0;
				TARGETED_DEVICE_FAMILY = "1,2";
				TEST_TARGET_NAME = CookBook;
			};
			name = Debug;
		};
		6A808DCE27A04FF100626731 /* Release */ = {
			isa = XCBuildConfiguration;
			buildSettings = {
				ALWAYS_EMBED_SWIFT_STANDARD_LIBRARIES = YES;
				CODE_SIGN_STYLE = Automatic;
				CURRENT_PROJECT_VERSION = 1;
				GENERATE_INFOPLIST_FILE = YES;
				MARKETING_VERSION = 1.0;
				PRODUCT_BUNDLE_IDENTIFIER = com.paras.CookBookUITests;
				PRODUCT_NAME = "$(TARGET_NAME)";
				SWIFT_EMIT_LOC_STRINGS = NO;
				SWIFT_VERSION = 5.0;
				TARGETED_DEVICE_FAMILY = "1,2";
				TEST_TARGET_NAME = CookBook;
			};
			name = Release;
		};
/* End XCBuildConfiguration section */

/* Begin XCConfigurationList section */
		6A808D9727A04FF000626731 /* Build configuration list for PBXProject "CookBook" */ = {
			isa = XCConfigurationList;
			buildConfigurations = (
				6A808DC427A04FF100626731 /* Debug */,
				6A808DC527A04FF100626731 /* Release */,
			);
			defaultConfigurationIsVisible = 0;
			defaultConfigurationName = Release;
		};
		6A808DC627A04FF100626731 /* Build configuration list for PBXNativeTarget "CookBook" */ = {
			isa = XCConfigurationList;
			buildConfigurations = (
				6A808DC727A04FF100626731 /* Debug */,
				6A808DC827A04FF100626731 /* Release */,
			);
			defaultConfigurationIsVisible = 0;
			defaultConfigurationName = Release;
		};
		6A808DC927A04FF100626731 /* Build configuration list for PBXNativeTarget "CookBookTests" */ = {
			isa = XCConfigurationList;
			buildConfigurations = (
				6A808DCA27A04FF100626731 /* Debug */,
				6A808DCB27A04FF100626731 /* Release */,
			);
			defaultConfigurationIsVisible = 0;
			defaultConfigurationName = Release;
		};
		6A808DCC27A04FF100626731 /* Build configuration list for PBXNativeTarget "CookBookUITests" */ = {
			isa = XCConfigurationList;
			buildConfigurations = (
				6A808DCD27A04FF100626731 /* Debug */,
				6A808DCE27A04FF100626731 /* Release */,
			);
			defaultConfigurationIsVisible = 0;
			defaultConfigurationName = Release;
		};
/* End XCConfigurationList section */
	};
	rootObject = 6A808D9427A04FF000626731 /* Project object */;
}
